{
    "_readme": [
        "This file locks the dependencies of your project to a known state",
        "Read more about it at http://getcomposer.org/doc/01-basic-usage.md#composer-lock-the-lock-file"
    ],
    "hash": "4bf7330de7694091488f152ec4ad037a",
    "packages": [
        {
            "name": "lingualeo/wti-api",
            "version": "dev-master",
            "source": {
                "type": "git",
                "url": "https://github.com/LinguaLeo/wti-api.git",
                "reference": "a46f61f629c4c91d3d8ba47eea9023c189542516"
            },
            "dist": {
                "type": "zip",
                "url": "https://api.github.com/repos/LinguaLeo/wti-api/zipball/a46f61f629c4c91d3d8ba47eea9023c189542516",
                "reference": "a46f61f629c4c91d3d8ba47eea9023c189542516",
                "shasum": ""
            },
            "require": {
                "php": ">=5.5.0"
            },
            "type": "library",
            "autoload": {
                "psr-0": {
                    "LinguaLeo": "src/"
                }
            },
            "notification-url": "https://packagist.org/downloads/",
            "license": [
                "MIT"
            ],
            "authors": [
                {
                    "name": "Igor Lyubimov",
                    "email": "igor@lingualeo.com"
                },
                {
                    "name": "Alexander Mironov",
                    "email": "alexandrfox@lingualeo.com"
                }
            ],
            "description": "PHP Library to work with WebTranslateIt API",
            "time": "2014-04-18 12:04:28"
        }
    ],
    "packages-dev": [

    ],
    "aliases": [

    ],
    "minimum-stability": "dev",
    "stability-flags": [

    ],
    "platform": {
        "php": ">=5.3"
    },
    "platform-dev": [

    ]
}
